
Microsoft Visual Studio Solution File, Format Version 12.00
# Visual Studio Version 16
VisualStudioVersion = 16.0.29020.237
MinimumVisualStudioVersion = 10.0.40219.1
Project("{FAE04EC0-301F-11D3-BF4B-00C04F79EFBC}") = "Polypack", "Polypack\Polypack.csproj", "{2788A946-8FDD-4923-9C39-5A55A7F1248F}"
EndProject
Global
	GlobalSection(SolutionConfigurationPlatforms) = preSolution
		Debug|Any CPU = Debug|Any CPU
		Release|Any CPU = Release|Any CPU
	EndGlobalSection
	GlobalSection(ProjectConfigurationPlatforms) = postSolution
		{2788A946-8FDD-4923-9C39-5A55A7F1248F}.Debug|Any CPU.ActiveCfg = Debug|Any CPU
		{2788A946-8FDD-4923-9C39-5A55A7F1248F}.Debug|Any CPU.Build.0 = Debug|Any CPU
		{2788A946-8FDD-4923-9C39-5A55A7F1248F}.Release|Any CPU.ActiveCfg = Release|Any CPU
		{2788A946-8FDD-4923-9C39-5A55A7F1248F}.Release|Any CPU.Build.0 = Release|Any CPU
	EndGlobalSection
	GlobalSection(SolutionProperties) = preSolution
		HideSolutionNode = FALSE
	EndGlobalSection
	GlobalSection(ExtensibilityGlobals) = postSolution
		SolutionGuid = {1BE450BC-9734-43C2-8ADB-BED6E4C2FAF2}
	EndGlobalSection
EndGlobal
